
Microsoft Visual Studio Solution File, Format Version 12.00
# Visual Studio Version 16
VisualStudioVersion = 16.0.31702.278
MinimumVisualStudioVersion = 10.0.40219.1
Project("{FAE04EC0-301F-11D3-BF4B-00C04F79EFBC}") = "Lektion4", "Lektion4\Lektion4.csproj", "{FC39BCA4-A3C4-4547-844D-D49264D5F420}"
EndProject
Global
	GlobalSection(SolutionConfigurationPlatforms) = preSolution
		Debug|Any CPU = Debug|Any CPU
		Release|Any CPU = Release|Any CPU
	EndGlobalSection
	GlobalSection(ProjectConfigurationPlatforms) = postSolution
		{FC39BCA4-A3C4-4547-844D-D49264D5F420}.Debug|Any CPU.ActiveCfg = Debug|Any CPU
		{FC39BCA4-A3C4-4547-844D-D49264D5F420}.Debug|Any CPU.Build.0 = Debug|Any CPU
		{FC39BCA4-A3C4-4547-844D-D49264D5F420}.Release|Any CPU.ActiveCfg = Release|Any CPU
		{FC39BCA4-A3C4-4547-844D-D49264D5F420}.Release|Any CPU.Build.0 = Release|Any CPU
	EndGlobalSection
	GlobalSection(SolutionProperties) = preSolution
		HideSolutionNode = FALSE
	EndGlobalSection
	GlobalSection(ExtensibilityGlobals) = postSolution
		SolutionGuid = {532833AB-AA8F-4956-A466-7C8B3DE5F4D3}
	EndGlobalSection
EndGlobal
