
Microsoft Visual Studio Solution File, Format Version 12.00
# Visual Studio Version 16
VisualStudioVersion = 16.0.31702.278
MinimumVisualStudioVersion = 10.0.40219.1
Project("{FAE04EC0-301F-11D3-BF4B-00C04F79EFBC}") = "Ovning", "Ovning\Ovning.csproj", "{7E13B72C-F3BA-47D5-9463-EBFEAA9493B2}"
EndProject
Global
	GlobalSection(SolutionConfigurationPlatforms) = preSolution
		Debug|Any CPU = Debug|Any CPU
		Release|Any CPU = Release|Any CPU
	EndGlobalSection
	GlobalSection(ProjectConfigurationPlatforms) = postSolution
		{7E13B72C-F3BA-47D5-9463-EBFEAA9493B2}.Debug|Any CPU.ActiveCfg = Debug|Any CPU
		{7E13B72C-F3BA-47D5-9463-EBFEAA9493B2}.Debug|Any CPU.Build.0 = Debug|Any CPU
		{7E13B72C-F3BA-47D5-9463-EBFEAA9493B2}.Release|Any CPU.ActiveCfg = Release|Any CPU
		{7E13B72C-F3BA-47D5-9463-EBFEAA9493B2}.Release|Any CPU.Build.0 = Release|Any CPU
	EndGlobalSection
	GlobalSection(SolutionProperties) = preSolution
		HideSolutionNode = FALSE
	EndGlobalSection
	GlobalSection(ExtensibilityGlobals) = postSolution
		SolutionGuid = {EB62A38F-4543-45FF-BB81-2B0B6C1FCD5F}
	EndGlobalSection
EndGlobal
