
Microsoft Visual Studio Solution File, Format Version 12.00
# Visual Studio Version 16
VisualStudioVersion = 16.0.31702.278
MinimumVisualStudioVersion = 10.0.40219.1
Project("{FAE04EC0-301F-11D3-BF4B-00C04F79EFBC}") = "TodoList", "TodoList\TodoList.csproj", "{1492B933-5690-4D3E-8B1E-D39C7BFB005C}"
EndProject
Global
	GlobalSection(SolutionConfigurationPlatforms) = preSolution
		Debug|Any CPU = Debug|Any CPU
		Release|Any CPU = Release|Any CPU
	EndGlobalSection
	GlobalSection(ProjectConfigurationPlatforms) = postSolution
		{1492B933-5690-4D3E-8B1E-D39C7BFB005C}.Debug|Any CPU.ActiveCfg = Debug|Any CPU
		{1492B933-5690-4D3E-8B1E-D39C7BFB005C}.Debug|Any CPU.Build.0 = Debug|Any CPU
		{1492B933-5690-4D3E-8B1E-D39C7BFB005C}.Release|Any CPU.ActiveCfg = Release|Any CPU
		{1492B933-5690-4D3E-8B1E-D39C7BFB005C}.Release|Any CPU.Build.0 = Release|Any CPU
	EndGlobalSection
	GlobalSection(SolutionProperties) = preSolution
		HideSolutionNode = FALSE
	EndGlobalSection
	GlobalSection(ExtensibilityGlobals) = postSolution
		SolutionGuid = {1CB0FCA0-D460-49FD-B20F-8DA1E0EEA4DB}
	EndGlobalSection
EndGlobal
