
Microsoft Visual Studio Solution File, Format Version 12.00
# Visual Studio Version 16
VisualStudioVersion = 16.0.31702.278
MinimumVisualStudioVersion = 10.0.40219.1
Project("{FAE04EC0-301F-11D3-BF4B-00C04F79EFBC}") = "Faglar", "Faglar\Faglar.csproj", "{D9F2BC2C-2391-4714-81A7-853889BEEB03}"
EndProject
Global
	GlobalSection(SolutionConfigurationPlatforms) = preSolution
		Debug|Any CPU = Debug|Any CPU
		Release|Any CPU = Release|Any CPU
	EndGlobalSection
	GlobalSection(ProjectConfigurationPlatforms) = postSolution
		{D9F2BC2C-2391-4714-81A7-853889BEEB03}.Debug|Any CPU.ActiveCfg = Debug|Any CPU
		{D9F2BC2C-2391-4714-81A7-853889BEEB03}.Debug|Any CPU.Build.0 = Debug|Any CPU
		{D9F2BC2C-2391-4714-81A7-853889BEEB03}.Release|Any CPU.ActiveCfg = Release|Any CPU
		{D9F2BC2C-2391-4714-81A7-853889BEEB03}.Release|Any CPU.Build.0 = Release|Any CPU
	EndGlobalSection
	GlobalSection(SolutionProperties) = preSolution
		HideSolutionNode = FALSE
	EndGlobalSection
	GlobalSection(ExtensibilityGlobals) = postSolution
		SolutionGuid = {96C00E1E-7846-45AC-BAB0-43256DF3AA7E}
	EndGlobalSection
EndGlobal
