
Microsoft Visual Studio Solution File, Format Version 12.00
# Visual Studio Version 16
VisualStudioVersion = 16.0.31624.102
MinimumVisualStudioVersion = 10.0.40219.1
Project("{FAE04EC0-301F-11D3-BF4B-00C04F79EFBC}") = "Static", "Static\Static.csproj", "{A34E24D8-23C0-4FC5-98B9-1E3C6546C043}"
EndProject
Global
	GlobalSection(SolutionConfigurationPlatforms) = preSolution
		Debug|Any CPU = Debug|Any CPU
		Release|Any CPU = Release|Any CPU
	EndGlobalSection
	GlobalSection(ProjectConfigurationPlatforms) = postSolution
		{A34E24D8-23C0-4FC5-98B9-1E3C6546C043}.Debug|Any CPU.ActiveCfg = Debug|Any CPU
		{A34E24D8-23C0-4FC5-98B9-1E3C6546C043}.Debug|Any CPU.Build.0 = Debug|Any CPU
		{A34E24D8-23C0-4FC5-98B9-1E3C6546C043}.Release|Any CPU.ActiveCfg = Release|Any CPU
		{A34E24D8-23C0-4FC5-98B9-1E3C6546C043}.Release|Any CPU.Build.0 = Release|Any CPU
	EndGlobalSection
	GlobalSection(SolutionProperties) = preSolution
		HideSolutionNode = FALSE
	EndGlobalSection
	GlobalSection(ExtensibilityGlobals) = postSolution
		SolutionGuid = {FAA7FE54-B259-42C5-9322-D5924A5B3C67}
	EndGlobalSection
EndGlobal
