
Microsoft Visual Studio Solution File, Format Version 12.00
# Visual Studio Version 16
VisualStudioVersion = 16.0.31624.102
MinimumVisualStudioVersion = 10.0.40219.1
Project("{FAE04EC0-301F-11D3-BF4B-00C04F79EFBC}") = "Hello World", "Hello World\Hello World.csproj", "{B0CDC56C-DF1B-4B80-BEE9-C8F7B2FE5CDD}"
EndProject
Global
	GlobalSection(SolutionConfigurationPlatforms) = preSolution
		Debug|Any CPU = Debug|Any CPU
		Release|Any CPU = Release|Any CPU
	EndGlobalSection
	GlobalSection(ProjectConfigurationPlatforms) = postSolution
		{B0CDC56C-DF1B-4B80-BEE9-C8F7B2FE5CDD}.Debug|Any CPU.ActiveCfg = Debug|Any CPU
		{B0CDC56C-DF1B-4B80-BEE9-C8F7B2FE5CDD}.Debug|Any CPU.Build.0 = Debug|Any CPU
		{B0CDC56C-DF1B-4B80-BEE9-C8F7B2FE5CDD}.Release|Any CPU.ActiveCfg = Release|Any CPU
		{B0CDC56C-DF1B-4B80-BEE9-C8F7B2FE5CDD}.Release|Any CPU.Build.0 = Release|Any CPU
	EndGlobalSection
	GlobalSection(SolutionProperties) = preSolution
		HideSolutionNode = FALSE
	EndGlobalSection
	GlobalSection(ExtensibilityGlobals) = postSolution
		SolutionGuid = {94C2384C-CFE6-49DD-8F84-9675CE1BD80C}
	EndGlobalSection
EndGlobal
