
Microsoft Visual Studio Solution File, Format Version 12.00
# Visual Studio Version 16
VisualStudioVersion = 16.0.31702.278
MinimumVisualStudioVersion = 10.0.40219.1
Project("{FAE04EC0-301F-11D3-BF4B-00C04F79EFBC}") = "Abstractochinterfaces", "Abstractochinterfaces\Abstractochinterfaces.csproj", "{C2F06D3E-E3FA-4B7F-815D-64B06266D77F}"
EndProject
Global
	GlobalSection(SolutionConfigurationPlatforms) = preSolution
		Debug|Any CPU = Debug|Any CPU
		Release|Any CPU = Release|Any CPU
	EndGlobalSection
	GlobalSection(ProjectConfigurationPlatforms) = postSolution
		{C2F06D3E-E3FA-4B7F-815D-64B06266D77F}.Debug|Any CPU.ActiveCfg = Debug|Any CPU
		{C2F06D3E-E3FA-4B7F-815D-64B06266D77F}.Debug|Any CPU.Build.0 = Debug|Any CPU
		{C2F06D3E-E3FA-4B7F-815D-64B06266D77F}.Release|Any CPU.ActiveCfg = Release|Any CPU
		{C2F06D3E-E3FA-4B7F-815D-64B06266D77F}.Release|Any CPU.Build.0 = Release|Any CPU
	EndGlobalSection
	GlobalSection(SolutionProperties) = preSolution
		HideSolutionNode = FALSE
	EndGlobalSection
	GlobalSection(ExtensibilityGlobals) = postSolution
		SolutionGuid = {23D1D259-F68C-473A-8D0C-0094CB7DF53E}
	EndGlobalSection
EndGlobal
