
Microsoft Visual Studio Solution File, Format Version 12.00
# Visual Studio Version 16
VisualStudioVersion = 16.0.31624.102
MinimumVisualStudioVersion = 10.0.40219.1
Project("{FAE04EC0-301F-11D3-BF4B-00C04F79EFBC}") = "Comments", "Comments\Comments.csproj", "{EB53CF07-C42B-413F-854C-4614DD07CB3C}"
EndProject
Global
	GlobalSection(SolutionConfigurationPlatforms) = preSolution
		Debug|Any CPU = Debug|Any CPU
		Release|Any CPU = Release|Any CPU
	EndGlobalSection
	GlobalSection(ProjectConfigurationPlatforms) = postSolution
		{EB53CF07-C42B-413F-854C-4614DD07CB3C}.Debug|Any CPU.ActiveCfg = Debug|Any CPU
		{EB53CF07-C42B-413F-854C-4614DD07CB3C}.Debug|Any CPU.Build.0 = Debug|Any CPU
		{EB53CF07-C42B-413F-854C-4614DD07CB3C}.Release|Any CPU.ActiveCfg = Release|Any CPU
		{EB53CF07-C42B-413F-854C-4614DD07CB3C}.Release|Any CPU.Build.0 = Release|Any CPU
	EndGlobalSection
	GlobalSection(SolutionProperties) = preSolution
		HideSolutionNode = FALSE
	EndGlobalSection
	GlobalSection(ExtensibilityGlobals) = postSolution
		SolutionGuid = {E1E855DA-3F4D-4296-A424-3F207E0B45AB}
	EndGlobalSection
EndGlobal
